{
  "version": 4,
  "terraform_version": "1.6.0",
  "serial": 2,
  "lineage": "3338fd50-29f1-6dbe-90cd-a8bc9dfa94d1",
  "outputs": {
    "external_ip": {
      "value": "84.201.130.226",
      "type": "string"
    }
  },
  "resources": [
    {
      "mode": "data",
      "type": "yandex_vpc_subnet",
      "name": "default",
      "provider": "provider[\"registry.terraform.io/yandex-cloud/yandex\"]",
      "instances": [
        {
          "schema_version": 0,
          "attributes": {
            "created_at": "2025-06-04T10:45:00Z",
            "description": "Auto-created default subnet for zone ru-central1-a in default",
            "dhcp_options": [],
            "folder_id": "b1ghhr9t6uv0sk11btnb",
            "id": "e9bmak45smjj0a1fj1ms",
            "labels": {},
            "name": "default-ru-central1-a",
            "network_id": "enpqg9jrp80bafh9d3n8",
            "route_table_id": "",
            "subnet_id": "e9bmak45smjj0a1fj1ms",
            "v4_cidr_blocks": [
              "10.128.0.0/24"
            ],
            "v6_cidr_blocks": [],
            "zone": "ru-central1-a"
          },
          "sensitive_attributes": []
        }
      ]
    },
    {
      "mode": "managed",
      "type": "yandex_compute_instance",
      "name": "vm",
      "provider": "provider[\"registry.terraform.io/yandex-cloud/yandex\"]",
      "instances": [
        {
          "schema_version": 1,
          "attributes": {
            "allow_recreate": null,
            "allow_stopping_for_update": null,
            "boot_disk": [
              {
                "auto_delete": true,
                "device_name": "fhmnbo3841mg0gvrpmht",
                "disk_id": "fhmnbo3841mg0gvrpmht",
                "initialize_params": [
                  {
                    "block_size": 4096,
                    "description": "",
                    "image_id": "fd808e721rc1vt7jkd0o",
                    "kms_key_id": "",
                    "name": "",
                    "size": 5,
                    "snapshot_id": "",
                    "type": "network-hdd"
                  }
                ],
                "mode": "READ_WRITE"
              }
            ],
            "created_at": "2025-11-26T16:04:31Z",
            "description": "",
            "filesystem": [],
            "folder_id": "b1ghhr9t6uv0sk11btnb",
            "fqdn": "fhmf69685pmtfa7fvjb2.auto.internal",
            "gpu_cluster_id": "",
            "hardware_generation": [
              {
                "generation2_features": [],
                "legacy_features": [
                  {
                    "pci_topology": "PCI_TOPOLOGY_V1"
                  }
                ]
              }
            ],
            "hostname": "",
            "id": "fhmf69685pmtfa7fvjb2",
            "labels": null,
            "local_disk": [],
            "maintenance_grace_period": "",
            "maintenance_policy": null,
            "metadata": {
              "ssh-keys": "ubuntu:ssh-rsa AAAAB3NzaC1yc2EAAAADAQABAAABAQDDEOWWPQod6zXfJDjrNupEZXIDBcHeJ32Nc12CjORlxinEPx0rhCSyO9xj6O3I9vEISiIWO7G+Nz66TnAVQcXLtP2pf3bxsr2ED06BxjUAv2ZJ7F+1jj1ig1Ig/E2J7BxCrwN05C7EMX+SCp01CAOB8D2AHPrgRm4oQiP/XJKAdbM7TpJOQBrYoeyHTqnZw7PMz9trwWexv+FARvCEFmAWOpkwyBHZaMkyEFszEfu646Em5Cyy4/MHlpVOXW1f3nIPJL9pk5WwWEOufsFbMHxKPwgRzBitqRx3gEJejZabzeVWUsVU1eZJNuDUqT7vM8uX8q0qKyPLsLTOocedog2D petr@centos.localdomain"
            },
            "metadata_options": [
              {
                "aws_v1_http_endpoint": 1,
                "aws_v1_http_token": 2,
                "gce_http_endpoint": 1,
                "gce_http_token": 1
              }
            ],
            "name": "example-vm",
            "network_acceleration_type": "standard",
            "network_interface": [
              {
                "dns_record": [],
                "index": 0,
                "ip_address": "10.128.0.10",
                "ipv4": true,
                "ipv6": false,
                "ipv6_address": "",
                "ipv6_dns_record": [],
                "mac_address": "d0:0d:f3:24:c8:2e",
                "nat": true,
                "nat_dns_record": [],
                "nat_ip_address": "84.201.130.226",
                "nat_ip_version": "IPV4",
                "security_group_ids": null,
                "subnet_id": "e9bmak45smjj0a1fj1ms"
              }
            ],
            "placement_policy": [
              {
                "host_affinity_rules": [],
                "placement_group_id": "",
                "placement_group_partition": 0
              }
            ],
            "platform_id": "standard-v2",
            "resources": [
              {
                "core_fraction": 100,
                "cores": 2,
                "gpus": 0,
                "memory": 2
              }
            ],
            "scheduling_policy": [
              {
                "preemptible": false
              }
            ],
            "secondary_disk": [],
            "service_account_id": "",
            "status": "running",
            "timeouts": null,
            "zone": "ru-central1-a"
          },
          "sensitive_attributes": [],
          "private": "eyJlMmJmYjczMC1lY2FhLTExZTYtOGY4OC0zNDM2M2JjN2M0YzAiOnsiY3JlYXRlIjozMDAwMDAwMDAwMDAsImRlbGV0ZSI6MzAwMDAwMDAwMDAwLCJ1cGRhdGUiOjMwMDAwMDAwMDAwMH0sInNjaGVtYV92ZXJzaW9uIjoiMSJ9",
          "dependencies": [
            "data.yandex_vpc_subnet.default"
          ]
        }
      ]
    }
  ],
  "check_results": null
}
